// !$*UTF8*$!
{
	archiveVersion = 1;
	classes = {
	};
	objectVersion = 46;
	objects = {

/* Begin PBXBuildFile section */
		4DB746D41F09E92A00F4E383 /* AppDelegate.swift in Sources */ = {isa = PBXBuildFile; fileRef = 4DB746D31F09E92A00F4E383 /* AppDelegate.swift */; };
		4DB746DB1F09E92A00F4E383 /* Assets.xcassets in Resources */ = {isa = PBXBuildFile; fileRef = 4DB746DA1F09E92A00F4E383 /* Assets.xcassets */; };
		4DB746DE1F09E92A00F4E383 /* LaunchScreen.storyboard in Resources */ = {isa = PBXBuildFile; fileRef = 4DB746DC1F09E92A00F4E383 /* LaunchScreen.storyboard */; };
		4DB746E91F09E92A00F4E383 /* SinaWeiboSwiftTests.swift in Sources */ = {isa = PBXBuildFile; fileRef = 4DB746E81F09E92A00F4E383 /* SinaWeiboSwiftTests.swift */; };
		4DB746F41F09E92A00F4E383 /* SinaWeiboSwiftUITests.swift in Sources */ = {isa = PBXBuildFile; fileRef = 4DB746F31F09E92A00F4E383 /* SinaWeiboSwiftUITests.swift */; };
		4DB7470E1F0A206300F4E383 /* WBNavigationViewController.swift in Sources */ = {isa = PBXBuildFile; fileRef = 4DB7470D1F0A206300F4E383 /* WBNavigationViewController.swift */; };
		4DB747101F0A20BE00F4E383 /* WBBaseViewController.swift in Sources */ = {isa = PBXBuildFile; fileRef = 4DB7470F1F0A20BE00F4E383 /* WBBaseViewController.swift */; };
		4DB747121F0A20EB00F4E383 /* WBHomeViewController.swift in Sources */ = {isa = PBXBuildFile; fileRef = 4DB747111F0A20EB00F4E383 /* WBHomeViewController.swift */; };
		4DB747141F0A210000F4E383 /* WBMessageViewController.swift in Sources */ = {isa = PBXBuildFile; fileRef = 4DB747131F0A210000F4E383 /* WBMessageViewController.swift */; };
		4DB747161F0A210B00F4E383 /* WBMineViewController.swift in Sources */ = {isa = PBXBuildFile; fileRef = 4DB747151F0A210B00F4E383 /* WBMineViewController.swift */; };
		4DB747181F0A212000F4E383 /* WBDiscoverViewController.swift in Sources */ = {isa = PBXBuildFile; fileRef = 4DB747171F0A212000F4E383 /* WBDiscoverViewController.swift */; };
		4DB7471A1F0A244300F4E383 /* WBMainTabBarController.swift in Sources */ = {isa = PBXBuildFile; fileRef = 4DB747191F0A244300F4E383 /* WBMainTabBarController.swift */; };
		4DB747201F0A59B300F4E383 /* Bundle+Extension.swift in Sources */ = {isa = PBXBuildFile; fileRef = 4DB7471F1F0A59B300F4E383 /* Bundle+Extension.swift */; };
		4DB749151F0F335B00F4E383 /* UIView+Additions.m in Sources */ = {isa = PBXBuildFile; fileRef = 4DB749121F0F335B00F4E383 /* UIView+Additions.m */; };
		4DB7491A1F0F593600F4E383 /* UIKitFactory.m in Sources */ = {isa = PBXBuildFile; fileRef = 4DB749191F0F593600F4E383 /* UIKitFactory.m */; };
		4DB7491D1F0F8B8700F4E383 /* TestViewController.swift in Sources */ = {isa = PBXBuildFile; fileRef = 4DB7491C1F0F8B8700F4E383 /* TestViewController.swift */; };
		85AB775E1F501DEA00DB3E25 /* WBVisitorView.swift in Sources */ = {isa = PBXBuildFile; fileRef = 85AB775D1F501DEA00DB3E25 /* WBVisitorView.swift */; };
		85AB77791F50281C00DB3E25 /* NSArray+Log.m in Sources */ = {isa = PBXBuildFile; fileRef = 85AB77621F50281C00DB3E25 /* NSArray+Log.m */; };
		85AB777A1F50281C00DB3E25 /* NSAttributedString+CZAdditon.m in Sources */ = {isa = PBXBuildFile; fileRef = 85AB77641F50281C00DB3E25 /* NSAttributedString+CZAdditon.m */; };
		85AB777B1F50281C00DB3E25 /* NSObject+CZRuntime.m in Sources */ = {isa = PBXBuildFile; fileRef = 85AB77661F50281C00DB3E25 /* NSObject+CZRuntime.m */; };
		85AB777C1F50281C00DB3E25 /* NSString+CZBase64.m in Sources */ = {isa = PBXBuildFile; fileRef = 85AB77681F50281C00DB3E25 /* NSString+CZBase64.m */; };
		85AB777D1F50281C00DB3E25 /* NSString+CZHash.m in Sources */ = {isa = PBXBuildFile; fileRef = 85AB776A1F50281C00DB3E25 /* NSString+CZHash.m */; };
		85AB777E1F50281C00DB3E25 /* NSString+CZPath.m in Sources */ = {isa = PBXBuildFile; fileRef = 85AB776C1F50281C00DB3E25 /* NSString+CZPath.m */; };
		85AB777F1F50281C00DB3E25 /* UIButton+CZAddition.m in Sources */ = {isa = PBXBuildFile; fileRef = 85AB776E1F50281C00DB3E25 /* UIButton+CZAddition.m */; };
		85AB77801F50281C00DB3E25 /* UIColor+CZAddition.m in Sources */ = {isa = PBXBuildFile; fileRef = 85AB77701F50281C00DB3E25 /* UIColor+CZAddition.m */; };
		85AB77811F50281C00DB3E25 /* UILabel+CZAddition.m in Sources */ = {isa = PBXBuildFile; fileRef = 85AB77721F50281C00DB3E25 /* UILabel+CZAddition.m */; };
		85AB77821F50281C00DB3E25 /* UIScreen+CZAddition.m in Sources */ = {isa = PBXBuildFile; fileRef = 85AB77741F50281C00DB3E25 /* UIScreen+CZAddition.m */; };
		85AB77831F50281C00DB3E25 /* UIView+CZAddition.m in Sources */ = {isa = PBXBuildFile; fileRef = 85AB77761F50281C00DB3E25 /* UIView+CZAddition.m */; };
		85AB77841F50281C00DB3E25 /* UIViewController+CZAddition.m in Sources */ = {isa = PBXBuildFile; fileRef = 85AB77781F50281C00DB3E25 /* UIViewController+CZAddition.m */; };
		A64C3A7E1F10CEB5009B68C3 /* NextViewController.swift in Sources */ = {isa = PBXBuildFile; fileRef = A64C3A7D1F10CEB5009B68C3 /* NextViewController.swift */; };
		A64C3A801F111D2E009B68C3 /* UIButton+Extension.swift in Sources */ = {isa = PBXBuildFile; fileRef = A64C3A7F1F111D2E009B68C3 /* UIButton+Extension.swift */; };
		A64C3A831F11CE1F009B68C3 /* UIScreen+Addition.m in Sources */ = {isa = PBXBuildFile; fileRef = A64C3A821F11CE1F009B68C3 /* UIScreen+Addition.m */; };
		A64C3A861F11FA6C009B68C3 /* UIColor+Addition.m in Sources */ = {isa = PBXBuildFile; fileRef = A64C3A851F11FA6C009B68C3 /* UIColor+Addition.m */; };
/* End PBXBuildFile section */

/* Begin PBXContainerItemProxy section */
		4DB746E51F09E92A00F4E383 /* PBXContainerItemProxy */ = {
			isa = PBXContainerItemProxy;
			containerPortal = 4DB746C81F09E92A00F4E383 /* Project object */;
			proxyType = 1;
			remoteGlobalIDString = 4DB746CF1F09E92A00F4E383;
			remoteInfo = SinaWeiboSwift;
		};
		4DB746F01F09E92A00F4E383 /* PBXContainerItemProxy */ = {
			isa = PBXContainerItemProxy;
			containerPortal = 4DB746C81F09E92A00F4E383 /* Project object */;
			proxyType = 1;
			remoteGlobalIDString = 4DB746CF1F09E92A00F4E383;
			remoteInfo = SinaWeiboSwift;
		};
/* End PBXContainerItemProxy section */

/* Begin PBXFileReference section */
		4DB746D01F09E92A00F4E383 /* SinaWeiboSwift.app */ = {isa = PBXFileReference; explicitFileType = wrapper.application; includeInIndex = 0; path = SinaWeiboSwift.app; sourceTree = BUILT_PRODUCTS_DIR; };
		4DB746D31F09E92A00F4E383 /* AppDelegate.swift */ = {isa = PBXFileReference; lastKnownFileType = sourcecode.swift; path = AppDelegate.swift; sourceTree = "<group>"; };
		4DB746DA1F09E92A00F4E383 /* Assets.xcassets */ = {isa = PBXFileReference; lastKnownFileType = folder.assetcatalog; path = Assets.xcassets; sourceTree = "<group>"; };
		4DB746DD1F09E92A00F4E383 /* Base */ = {isa = PBXFileReference; lastKnownFileType = file.storyboard; name = Base; path = Base.lproj/LaunchScreen.storyboard; sourceTree = "<group>"; };
		4DB746DF1F09E92A00F4E383 /* Info.plist */ = {isa = PBXFileReference; lastKnownFileType = text.plist.xml; path = Info.plist; sourceTree = "<group>"; };
		4DB746E41F09E92A00F4E383 /* SinaWeiboSwiftTests.xctest */ = {isa = PBXFileReference; explicitFileType = wrapper.cfbundle; includeInIndex = 0; path = SinaWeiboSwiftTests.xctest; sourceTree = BUILT_PRODUCTS_DIR; };
		4DB746E81F09E92A00F4E383 /* SinaWeiboSwiftTests.swift */ = {isa = PBXFileReference; lastKnownFileType = sourcecode.swift; path = SinaWeiboSwiftTests.swift; sourceTree = "<group>"; };
		4DB746EA1F09E92A00F4E383 /* Info.plist */ = {isa = PBXFileReference; lastKnownFileType = text.plist.xml; path = Info.plist; sourceTree = "<group>"; };
		4DB746EF1F09E92A00F4E383 /* SinaWeiboSwiftUITests.xctest */ = {isa = PBXFileReference; explicitFileType = wrapper.cfbundle; includeInIndex = 0; path = SinaWeiboSwiftUITests.xctest; sourceTree = BUILT_PRODUCTS_DIR; };
		4DB746F31F09E92A00F4E383 /* SinaWeiboSwiftUITests.swift */ = {isa = PBXFileReference; lastKnownFileType = sourcecode.swift; path = SinaWeiboSwiftUITests.swift; sourceTree = "<group>"; };
		4DB746F51F09E92A00F4E383 /* Info.plist */ = {isa = PBXFileReference; lastKnownFileType = text.plist.xml; path = Info.plist; sourceTree = "<group>"; };
		4DB7470D1F0A206300F4E383 /* WBNavigationViewController.swift */ = {isa = PBXFileReference; fileEncoding = 4; lastKnownFileType = sourcecode.swift; path = WBNavigationViewController.swift; sourceTree = "<group>"; };
		4DB7470F1F0A20BE00F4E383 /* WBBaseViewController.swift */ = {isa = PBXFileReference; fileEncoding = 4; lastKnownFileType = sourcecode.swift; path = WBBaseViewController.swift; sourceTree = "<group>"; };
		4DB747111F0A20EB00F4E383 /* WBHomeViewController.swift */ = {isa = PBXFileReference; fileEncoding = 4; lastKnownFileType = sourcecode.swift; path = WBHomeViewController.swift; sourceTree = "<group>"; };
		4DB747131F0A210000F4E383 /* WBMessageViewController.swift */ = {isa = PBXFileReference; fileEncoding = 4; lastKnownFileType = sourcecode.swift; path = WBMessageViewController.swift; sourceTree = "<group>"; };
		4DB747151F0A210B00F4E383 /* WBMineViewController.swift */ = {isa = PBXFileReference; fileEncoding = 4; lastKnownFileType = sourcecode.swift; path = WBMineViewController.swift; sourceTree = "<group>"; };
		4DB747171F0A212000F4E383 /* WBDiscoverViewController.swift */ = {isa = PBXFileReference; fileEncoding = 4; lastKnownFileType = sourcecode.swift; path = WBDiscoverViewController.swift; sourceTree = "<group>"; };
		4DB747191F0A244300F4E383 /* WBMainTabBarController.swift */ = {isa = PBXFileReference; fileEncoding = 4; lastKnownFileType = sourcecode.swift; path = WBMainTabBarController.swift; sourceTree = "<group>"; };
		4DB7471F1F0A59B300F4E383 /* Bundle+Extension.swift */ = {isa = PBXFileReference; fileEncoding = 4; lastKnownFileType = sourcecode.swift; path = "Bundle+Extension.swift"; sourceTree = "<group>"; };
		4DB7490F1F0F32B300F4E383 /* Weibo-Bridge.h */ = {isa = PBXFileReference; lastKnownFileType = sourcecode.c.h; path = "Weibo-Bridge.h"; sourceTree = "<group>"; };
		4DB749111F0F335B00F4E383 /* UIView+Additions.h */ = {isa = PBXFileReference; fileEncoding = 4; lastKnownFileType = sourcecode.c.h; path = "UIView+Additions.h"; sourceTree = "<group>"; };
		4DB749121F0F335B00F4E383 /* UIView+Additions.m */ = {isa = PBXFileReference; fileEncoding = 4; lastKnownFileType = sourcecode.c.objc; path = "UIView+Additions.m"; sourceTree = "<group>"; };
		4DB749181F0F593600F4E383 /* UIKitFactory.h */ = {isa = PBXFileReference; fileEncoding = 4; lastKnownFileType = sourcecode.c.h; path = UIKitFactory.h; sourceTree = "<group>"; };
		4DB749191F0F593600F4E383 /* UIKitFactory.m */ = {isa = PBXFileReference; fileEncoding = 4; lastKnownFileType = sourcecode.c.objc; path = UIKitFactory.m; sourceTree = "<group>"; };
		4DB7491C1F0F8B8700F4E383 /* TestViewController.swift */ = {isa = PBXFileReference; fileEncoding = 4; lastKnownFileType = sourcecode.swift; path = TestViewController.swift; sourceTree = "<group>"; };
		85AB775D1F501DEA00DB3E25 /* WBVisitorView.swift */ = {isa = PBXFileReference; fileEncoding = 4; lastKnownFileType = sourcecode.swift; path = WBVisitorView.swift; sourceTree = "<group>"; };
		85AB77601F50281C00DB3E25 /* CZAdditions.h */ = {isa = PBXFileReference; fileEncoding = 4; lastKnownFileType = sourcecode.c.h; path = CZAdditions.h; sourceTree = "<group>"; };
		85AB77611F50281C00DB3E25 /* NSArray+Log.h */ = {isa = PBXFileReference; fileEncoding = 4; lastKnownFileType = sourcecode.c.h; path = "NSArray+Log.h"; sourceTree = "<group>"; };
		85AB77621F50281C00DB3E25 /* NSArray+Log.m */ = {isa = PBXFileReference; fileEncoding = 4; lastKnownFileType = sourcecode.c.objc; path = "NSArray+Log.m"; sourceTree = "<group>"; };
		85AB77631F50281C00DB3E25 /* NSAttributedString+CZAdditon.h */ = {isa = PBXFileReference; fileEncoding = 4; lastKnownFileType = sourcecode.c.h; path = "NSAttributedString+CZAdditon.h"; sourceTree = "<group>"; };
		85AB77641F50281C00DB3E25 /* NSAttributedString+CZAdditon.m */ = {isa = PBXFileReference; fileEncoding = 4; lastKnownFileType = sourcecode.c.objc; path = "NSAttributedString+CZAdditon.m"; sourceTree = "<group>"; };
		85AB77651F50281C00DB3E25 /* NSObject+CZRuntime.h */ = {isa = PBXFileReference; fileEncoding = 4; lastKnownFileType = sourcecode.c.h; path = "NSObject+CZRuntime.h"; sourceTree = "<group>"; };
		85AB77661F50281C00DB3E25 /* NSObject+CZRuntime.m */ = {isa = PBXFileReference; fileEncoding = 4; lastKnownFileType = sourcecode.c.objc; path = "NSObject+CZRuntime.m"; sourceTree = "<group>"; };
		85AB77671F50281C00DB3E25 /* NSString+CZBase64.h */ = {isa = PBXFileReference; fileEncoding = 4; lastKnownFileType = sourcecode.c.h; path = "NSString+CZBase64.h"; sourceTree = "<group>"; };
		85AB77681F50281C00DB3E25 /* NSString+CZBase64.m */ = {isa = PBXFileReference; fileEncoding = 4; lastKnownFileType = sourcecode.c.objc; path = "NSString+CZBase64.m"; sourceTree = "<group>"; };
		85AB77691F50281C00DB3E25 /* NSString+CZHash.h */ = {isa = PBXFileReference; fileEncoding = 4; lastKnownFileType = sourcecode.c.h; path = "NSString+CZHash.h"; sourceTree = "<group>"; };
		85AB776A1F50281C00DB3E25 /* NSString+CZHash.m */ = {isa = PBXFileReference; fileEncoding = 4; lastKnownFileType = sourcecode.c.objc; path = "NSString+CZHash.m"; sourceTree = "<group>"; };
		85AB776B1F50281C00DB3E25 /* NSString+CZPath.h */ = {isa = PBXFileReference; fileEncoding = 4; lastKnownFileType = sourcecode.c.h; path = "NSString+CZPath.h"; sourceTree = "<group>"; };
		85AB776C1F50281C00DB3E25 /* NSString+CZPath.m */ = {isa = PBXFileReference; fileEncoding = 4; lastKnownFileType = sourcecode.c.objc; path = "NSString+CZPath.m"; sourceTree = "<group>"; };
		85AB776D1F50281C00DB3E25 /* UIButton+CZAddition.h */ = {isa = PBXFileReference; fileEncoding = 4; lastKnownFileType = sourcecode.c.h; path = "UIButton+CZAddition.h"; sourceTree = "<group>"; };
		85AB776E1F50281C00DB3E25 /* UIButton+CZAddition.m */ = {isa = PBXFileReference; fileEncoding = 4; lastKnownFileType = sourcecode.c.objc; path = "UIButton+CZAddition.m"; sourceTree = "<group>"; };
		85AB776F1F50281C00DB3E25 /* UIColor+CZAddition.h */ = {isa = PBXFileReference; fileEncoding = 4; lastKnownFileType = sourcecode.c.h; path = "UIColor+CZAddition.h"; sourceTree = "<group>"; };
		85AB77701F50281C00DB3E25 /* UIColor+CZAddition.m */ = {isa = PBXFileReference; fileEncoding = 4; lastKnownFileType = sourcecode.c.objc; path = "UIColor+CZAddition.m"; sourceTree = "<group>"; };
		85AB77711F50281C00DB3E25 /* UILabel+CZAddition.h */ = {isa = PBXFileReference; fileEncoding = 4; lastKnownFileType = sourcecode.c.h; path = "UILabel+CZAddition.h"; sourceTree = "<group>"; };
		85AB77721F50281C00DB3E25 /* UILabel+CZAddition.m */ = {isa = PBXFileReference; fileEncoding = 4; lastKnownFileType = sourcecode.c.objc; path = "UILabel+CZAddition.m"; sourceTree = "<group>"; };
		85AB77731F50281C00DB3E25 /* UIScreen+CZAddition.h */ = {isa = PBXFileReference; fileEncoding = 4; lastKnownFileType = sourcecode.c.h; path = "UIScreen+CZAddition.h"; sourceTree = "<group>"; };
		85AB77741F50281C00DB3E25 /* UIScreen+CZAddition.m */ = {isa = PBXFileReference; fileEncoding = 4; lastKnownFileType = sourcecode.c.objc; path = "UIScreen+CZAddition.m"; sourceTree = "<group>"; };
		85AB77751F50281C00DB3E25 /* UIView+CZAddition.h */ = {isa = PBXFileReference; fileEncoding = 4; lastKnownFileType = sourcecode.c.h; path = "UIView+CZAddition.h"; sourceTree = "<group>"; };
		85AB77761F50281C00DB3E25 /* UIView+CZAddition.m */ = {isa = PBXFileReference; fileEncoding = 4; lastKnownFileType = sourcecode.c.objc; path = "UIView+CZAddition.m"; sourceTree = "<group>"; };
		85AB77771F50281C00DB3E25 /* UIViewController+CZAddition.h */ = {isa = PBXFileReference; fileEncoding = 4; lastKnownFileType = sourcecode.c.h; path = "UIViewController+CZAddition.h"; sourceTree = "<group>"; };
		85AB77781F50281C00DB3E25 /* UIViewController+CZAddition.m */ = {isa = PBXFileReference; fileEncoding = 4; lastKnownFileType = sourcecode.c.objc; path = "UIViewController+CZAddition.m"; sourceTree = "<group>"; };
		A64C3A7D1F10CEB5009B68C3 /* NextViewController.swift */ = {isa = PBXFileReference; fileEncoding = 4; lastKnownFileType = sourcecode.swift; path = NextViewController.swift; sourceTree = "<group>"; };
		A64C3A7F1F111D2E009B68C3 /* UIButton+Extension.swift */ = {isa = PBXFileReference; fileEncoding = 4; lastKnownFileType = sourcecode.swift; path = "UIButton+Extension.swift"; sourceTree = "<group>"; };
		A64C3A811F11CE1F009B68C3 /* UIScreen+Addition.h */ = {isa = PBXFileReference; fileEncoding = 4; lastKnownFileType = sourcecode.c.h; path = "UIScreen+Addition.h"; sourceTree = "<group>"; };
		A64C3A821F11CE1F009B68C3 /* UIScreen+Addition.m */ = {isa = PBXFileReference; fileEncoding = 4; lastKnownFileType = sourcecode.c.objc; path = "UIScreen+Addition.m"; sourceTree = "<group>"; };
		A64C3A841F11FA6C009B68C3 /* UIColor+Addition.h */ = {isa = PBXFileReference; fileEncoding = 4; lastKnownFileType = sourcecode.c.h; path = "UIColor+Addition.h"; sourceTree = "<group>"; };
		A64C3A851F11FA6C009B68C3 /* UIColor+Addition.m */ = {isa = PBXFileReference; fileEncoding = 4; lastKnownFileType = sourcecode.c.objc; path = "UIColor+Addition.m"; sourceTree = "<group>"; };
/* End PBXFileReference section */

/* Begin PBXFrameworksBuildPhase section */
		4DB746CD1F09E92A00F4E383 /* Frameworks */ = {
			isa = PBXFrameworksBuildPhase;
			buildActionMask = 2147483647;
			files = (
			);
			runOnlyForDeploymentPostprocessing = 0;
		};
		4DB746E11F09E92A00F4E383 /* Frameworks */ = {
			isa = PBXFrameworksBuildPhase;
			buildActionMask = 2147483647;
			files = (
			);
			runOnlyForDeploymentPostprocessing = 0;
		};
		4DB746EC1F09E92A00F4E383 /* Frameworks */ = {
			isa = PBXFrameworksBuildPhase;
			buildActionMask = 2147483647;
			files = (
			);
			runOnlyForDeploymentPostprocessing = 0;
		};
/* End PBXFrameworksBuildPhase section */

/* Begin PBXGroup section */
		4DB746C71F09E92A00F4E383 = {
			isa = PBXGroup;
			children = (
				4DB746D21F09E92A00F4E383 /* SinaWeiboSwift */,
				4DB746E71F09E92A00F4E383 /* SinaWeiboSwiftTests */,
				4DB746F21F09E92A00F4E383 /* SinaWeiboSwiftUITests */,
				4DB746D11F09E92A00F4E383 /* Products */,
			);
			sourceTree = "<group>";
		};
		4DB746D11F09E92A00F4E383 /* Products */ = {
			isa = PBXGroup;
			children = (
				4DB746D01F09E92A00F4E383 /* SinaWeiboSwift.app */,
				4DB746E41F09E92A00F4E383 /* SinaWeiboSwiftTests.xctest */,
				4DB746EF1F09E92A00F4E383 /* SinaWeiboSwiftUITests.xctest */,
			);
			name = Products;
			sourceTree = "<group>";
		};
		4DB746D21F09E92A00F4E383 /* SinaWeiboSwift */ = {
			isa = PBXGroup;
			children = (
				4DB747011F0A1DEA00F4E383 /* Class */,
				4DB746D31F09E92A00F4E383 /* AppDelegate.swift */,
				4DB746DA1F09E92A00F4E383 /* Assets.xcassets */,
				4DB746DC1F09E92A00F4E383 /* LaunchScreen.storyboard */,
				4DB746DF1F09E92A00F4E383 /* Info.plist */,
			);
			path = SinaWeiboSwift;
			sourceTree = "<group>";
		};
		4DB746E71F09E92A00F4E383 /* SinaWeiboSwiftTests */ = {
			isa = PBXGroup;
			children = (
				4DB746E81F09E92A00F4E383 /* SinaWeiboSwiftTests.swift */,
				4DB746EA1F09E92A00F4E383 /* Info.plist */,
			);
			path = SinaWeiboSwiftTests;
			sourceTree = "<group>";
		};
		4DB746F21F09E92A00F4E383 /* SinaWeiboSwiftUITests */ = {
			isa = PBXGroup;
			children = (
				4DB746F31F09E92A00F4E383 /* SinaWeiboSwiftUITests.swift */,
				4DB746F51F09E92A00F4E383 /* Info.plist */,
			);
			path = SinaWeiboSwiftUITests;
			sourceTree = "<group>";
		};
		4DB747011F0A1DEA00F4E383 /* Class */ = {
			isa = PBXGroup;
			children = (
				4DB747031F0A1DEA00F4E383 /* Tools */,
				4DB747021F0A1DEA00F4E383 /* Model */,
				4DB747041F0A1DEA00F4E383 /* View(view&ViewController) */,
				4DB7470A1F0A1DEA00F4E383 /* ViewModel */,
			);
			path = Class;
			sourceTree = "<group>";
		};
		4DB747021F0A1DEA00F4E383 /* Model */ = {
			isa = PBXGroup;
			children = (
			);
			path = Model;
			sourceTree = "<group>";
		};
		4DB747031F0A1DEA00F4E383 /* Tools */ = {
			isa = PBXGroup;
			children = (
				4DB7488E1F0F293300F4E383 /* Additions */,
				85AB775F1F5027D400DB3E25 /* CZAdditions */,
				4DB7471C1F0A542400F4E383 /* Extension */,
				4DB7490F1F0F32B300F4E383 /* Weibo-Bridge.h */,
			);
			path = Tools;
			sourceTree = "<group>";
		};
		4DB747041F0A1DEA00F4E383 /* View(view&ViewController) */ = {
			isa = PBXGroup;
			children = (
				4DB7491B1F0F8B4C00F4E383 /* Test */,
				4DB747051F0A1DEA00F4E383 /* Discover */,
				4DB747061F0A1DEA00F4E383 /* Home */,
				4DB747071F0A1DEA00F4E383 /* Main */,
				4DB747081F0A1DEA00F4E383 /* Message */,
				4DB747091F0A1DEA00F4E383 /* Mine */,
			);
			path = "View(view&ViewController)";
			sourceTree = "<group>";
		};
		4DB747051F0A1DEA00F4E383 /* Discover */ = {
			isa = PBXGroup;
			children = (
				4DB747171F0A212000F4E383 /* WBDiscoverViewController.swift */,
			);
			path = Discover;
			sourceTree = "<group>";
		};
		4DB747061F0A1DEA00F4E383 /* Home */ = {
			isa = PBXGroup;
			children = (
				4DB747111F0A20EB00F4E383 /* WBHomeViewController.swift */,
			);
			path = Home;
			sourceTree = "<group>";
		};
		4DB747071F0A1DEA00F4E383 /* Main */ = {
			isa = PBXGroup;
			children = (
				85AB77591F4C1CDC00DB3E25 /* 主控制器 */,
				85AB775C1F501DA900DB3E25 /* VisitorView */,
				4DB7470F1F0A20BE00F4E383 /* WBBaseViewController.swift */,
			);
			path = Main;
			sourceTree = "<group>";
		};
		4DB747081F0A1DEA00F4E383 /* Message */ = {
			isa = PBXGroup;
			children = (
				4DB747131F0A210000F4E383 /* WBMessageViewController.swift */,
			);
			path = Message;
			sourceTree = "<group>";
		};
		4DB747091F0A1DEA00F4E383 /* Mine */ = {
			isa = PBXGroup;
			children = (
				4DB747151F0A210B00F4E383 /* WBMineViewController.swift */,
			);
			path = Mine;
			sourceTree = "<group>";
		};
		4DB7470A1F0A1DEA00F4E383 /* ViewModel */ = {
			isa = PBXGroup;
			children = (
			);
			path = ViewModel;
			sourceTree = "<group>";
		};
		4DB7471C1F0A542400F4E383 /* Extension */ = {
			isa = PBXGroup;
			children = (
				4DB7471F1F0A59B300F4E383 /* Bundle+Extension.swift */,
				A64C3A7F1F111D2E009B68C3 /* UIButton+Extension.swift */,
			);
			path = Extension;
			sourceTree = "<group>";
		};
		4DB7488E1F0F293300F4E383 /* Additions */ = {
			isa = PBXGroup;
			children = (
				4DB749171F0F593600F4E383 /* UIKitFactory */,
				4DB749101F0F335B00F4E383 /* UIView */,
			);
			path = Additions;
			sourceTree = "<group>";
		};
		4DB749101F0F335B00F4E383 /* UIView */ = {
			isa = PBXGroup;
			children = (
				4DB749111F0F335B00F4E383 /* UIView+Additions.h */,
				4DB749121F0F335B00F4E383 /* UIView+Additions.m */,
				A64C3A811F11CE1F009B68C3 /* UIScreen+Addition.h */,
				A64C3A821F11CE1F009B68C3 /* UIScreen+Addition.m */,
				A64C3A841F11FA6C009B68C3 /* UIColor+Addition.h */,
				A64C3A851F11FA6C009B68C3 /* UIColor+Addition.m */,
			);
			name = UIView;
			path = DSKit/DSFoundtion/UIView;
			sourceTree = "<group>";
		};
		4DB749171F0F593600F4E383 /* UIKitFactory */ = {
			isa = PBXGroup;
			children = (
				4DB749181F0F593600F4E383 /* UIKitFactory.h */,
				4DB749191F0F593600F4E383 /* UIKitFactory.m */,
			);
			name = UIKitFactory;
			path = DSKit/UIKitFactory;
			sourceTree = "<group>";
		};
		4DB7491B1F0F8B4C00F4E383 /* Test */ = {
			isa = PBXGroup;
			children = (
				4DB7491C1F0F8B8700F4E383 /* TestViewController.swift */,
				A64C3A7D1F10CEB5009B68C3 /* NextViewController.swift */,
			);
			path = Test;
			sourceTree = "<group>";
		};
		85AB77591F4C1CDC00DB3E25 /* 主控制器 */ = {
			isa = PBXGroup;
			children = (
				4DB747191F0A244300F4E383 /* WBMainTabBarController.swift */,
				4DB7470D1F0A206300F4E383 /* WBNavigationViewController.swift */,
			);
			name = "主控制器";
			sourceTree = "<group>";
		};
		85AB775C1F501DA900DB3E25 /* VisitorView */ = {
			isa = PBXGroup;
			children = (
				85AB775D1F501DEA00DB3E25 /* WBVisitorView.swift */,
			);
			path = VisitorView;
			sourceTree = "<group>";
		};
		85AB775F1F5027D400DB3E25 /* CZAdditions */ = {
			isa = PBXGroup;
			children = (
				85AB77601F50281C00DB3E25 /* CZAdditions.h */,
				85AB77611F50281C00DB3E25 /* NSArray+Log.h */,
				85AB77621F50281C00DB3E25 /* NSArray+Log.m */,
				85AB77631F50281C00DB3E25 /* NSAttributedString+CZAdditon.h */,
				85AB77641F50281C00DB3E25 /* NSAttributedString+CZAdditon.m */,
				85AB77651F50281C00DB3E25 /* NSObject+CZRuntime.h */,
				85AB77661F50281C00DB3E25 /* NSObject+CZRuntime.m */,
				85AB77671F50281C00DB3E25 /* NSString+CZBase64.h */,
				85AB77681F50281C00DB3E25 /* NSString+CZBase64.m */,
				85AB77691F50281C00DB3E25 /* NSString+CZHash.h */,
				85AB776A1F50281C00DB3E25 /* NSString+CZHash.m */,
				85AB776B1F50281C00DB3E25 /* NSString+CZPath.h */,
				85AB776C1F50281C00DB3E25 /* NSString+CZPath.m */,
				85AB776D1F50281C00DB3E25 /* UIButton+CZAddition.h */,
				85AB776E1F50281C00DB3E25 /* UIButton+CZAddition.m */,
				85AB776F1F50281C00DB3E25 /* UIColor+CZAddition.h */,
				85AB77701F50281C00DB3E25 /* UIColor+CZAddition.m */,
				85AB77711F50281C00DB3E25 /* UILabel+CZAddition.h */,
				85AB77721F50281C00DB3E25 /* UILabel+CZAddition.m */,
				85AB77731F50281C00DB3E25 /* UIScreen+CZAddition.h */,
				85AB77741F50281C00DB3E25 /* UIScreen+CZAddition.m */,
				85AB77751F50281C00DB3E25 /* UIView+CZAddition.h */,
				85AB77761F50281C00DB3E25 /* UIView+CZAddition.m */,
				85AB77771F50281C00DB3E25 /* UIViewController+CZAddition.h */,
				85AB77781F50281C00DB3E25 /* UIViewController+CZAddition.m */,
			);
			path = CZAdditions;
			sourceTree = "<group>";
		};
/* End PBXGroup section */

/* Begin PBXNativeTarget section */
		4DB746CF1F09E92A00F4E383 /* SinaWeiboSwift */ = {
			isa = PBXNativeTarget;
			buildConfigurationList = 4DB746F81F09E92A00F4E383 /* Build configuration list for PBXNativeTarget "SinaWeiboSwift" */;
			buildPhases = (
				4DB746CC1F09E92A00F4E383 /* Sources */,
				4DB746CD1F09E92A00F4E383 /* Frameworks */,
				4DB746CE1F09E92A00F4E383 /* Resources */,
			);
			buildRules = (
			);
			dependencies = (
			);
			name = SinaWeiboSwift;
			productName = SinaWeiboSwift;
			productReference = 4DB746D01F09E92A00F4E383 /* SinaWeiboSwift.app */;
			productType = "com.apple.product-type.application";
		};
		4DB746E31F09E92A00F4E383 /* SinaWeiboSwiftTests */ = {
			isa = PBXNativeTarget;
			buildConfigurationList = 4DB746FB1F09E92A00F4E383 /* Build configuration list for PBXNativeTarget "SinaWeiboSwiftTests" */;
			buildPhases = (
				4DB746E01F09E92A00F4E383 /* Sources */,
				4DB746E11F09E92A00F4E383 /* Frameworks */,
				4DB746E21F09E92A00F4E383 /* Resources */,
			);
			buildRules = (
			);
			dependencies = (
				4DB746E61F09E92A00F4E383 /* PBXTargetDependency */,
			);
			name = SinaWeiboSwiftTests;
			productName = SinaWeiboSwiftTests;
			productReference = 4DB746E41F09E92A00F4E383 /* SinaWeiboSwiftTests.xctest */;
			productType = "com.apple.product-type.bundle.unit-test";
		};
		4DB746EE1F09E92A00F4E383 /* SinaWeiboSwiftUITests */ = {
			isa = PBXNativeTarget;
			buildConfigurationList = 4DB746FE1F09E92A00F4E383 /* Build configuration list for PBXNativeTarget "SinaWeiboSwiftUITests" */;
			buildPhases = (
				4DB746EB1F09E92A00F4E383 /* Sources */,
				4DB746EC1F09E92A00F4E383 /* Frameworks */,
				4DB746ED1F09E92A00F4E383 /* Resources */,
			);
			buildRules = (
			);
			dependencies = (
				4DB746F11F09E92A00F4E383 /* PBXTargetDependency */,
			);
			name = SinaWeiboSwiftUITests;
			productName = SinaWeiboSwiftUITests;
			productReference = 4DB746EF1F09E92A00F4E383 /* SinaWeiboSwiftUITests.xctest */;
			productType = "com.apple.product-type.bundle.ui-testing";
		};
/* End PBXNativeTarget section */

/* Begin PBXProject section */
		4DB746C81F09E92A00F4E383 /* Project object */ = {
			isa = PBXProject;
			attributes = {
				CLASSPREFIX = WB;
				LastSwiftUpdateCheck = 0830;
				LastUpgradeCheck = 0830;
				ORGANIZATIONNAME = "好杰";
				TargetAttributes = {
					4DB746CF1F09E92A00F4E383 = {
						CreatedOnToolsVersion = 8.3.3;
						DevelopmentTeam = GNZBVV9WD3;
						ProvisioningStyle = Automatic;
					};
					4DB746E31F09E92A00F4E383 = {
						CreatedOnToolsVersion = 8.3.3;
						DevelopmentTeam = GNZBVV9WD3;
						ProvisioningStyle = Automatic;
						TestTargetID = 4DB746CF1F09E92A00F4E383;
					};
					4DB746EE1F09E92A00F4E383 = {
						CreatedOnToolsVersion = 8.3.3;
						DevelopmentTeam = GNZBVV9WD3;
						ProvisioningStyle = Automatic;
						TestTargetID = 4DB746CF1F09E92A00F4E383;
					};
				};
			};
			buildConfigurationList = 4DB746CB1F09E92A00F4E383 /* Build configuration list for PBXProject "SinaWeiboSwift" */;
			compatibilityVersion = "Xcode 3.2";
			developmentRegion = English;
			hasScannedForEncodings = 0;
			knownRegions = (
				en,
				Base,
			);
			mainGroup = 4DB746C71F09E92A00F4E383;
			productRefGroup = 4DB746D11F09E92A00F4E383 /* Products */;
			projectDirPath = "";
			projectRoot = "";
			targets = (
				4DB746CF1F09E92A00F4E383 /* SinaWeiboSwift */,
				4DB746E31F09E92A00F4E383 /* SinaWeiboSwiftTests */,
				4DB746EE1F09E92A00F4E383 /* SinaWeiboSwiftUITests */,
			);
		};
/* End PBXProject section */

/* Begin PBXResourcesBuildPhase section */
		4DB746CE1F09E92A00F4E383 /* Resources */ = {
			isa = PBXResourcesBuildPhase;
			buildActionMask = 2147483647;
			files = (
				4DB746DE1F09E92A00F4E383 /* LaunchScreen.storyboard in Resources */,
				4DB746DB1F09E92A00F4E383 /* Assets.xcassets in Resources */,
			);
			runOnlyForDeploymentPostprocessing = 0;
		};
		4DB746E21F09E92A00F4E383 /* Resources */ = {
			isa = PBXResourcesBuildPhase;
			buildActionMask = 2147483647;
			files = (
			);
			runOnlyForDeploymentPostprocessing = 0;
		};
		4DB746ED1F09E92A00F4E383 /* Resources */ = {
			isa = PBXResourcesBuildPhase;
			buildActionMask = 2147483647;
			files = (
			);
			runOnlyForDeploymentPostprocessing = 0;
		};
/* End PBXResourcesBuildPhase section */

/* Begin PBXSourcesBuildPhase section */
		4DB746CC1F09E92A00F4E383 /* Sources */ = {
			isa = PBXSourcesBuildPhase;
			buildActionMask = 2147483647;
			files = (
				85AB77801F50281C00DB3E25 /* UIColor+CZAddition.m in Sources */,
				4DB747181F0A212000F4E383 /* WBDiscoverViewController.swift in Sources */,
				A64C3A861F11FA6C009B68C3 /* UIColor+Addition.m in Sources */,
				4DB747201F0A59B300F4E383 /* Bundle+Extension.swift in Sources */,
				85AB777C1F50281C00DB3E25 /* NSString+CZBase64.m in Sources */,
				85AB777B1F50281C00DB3E25 /* NSObject+CZRuntime.m in Sources */,
				4DB7491A1F0F593600F4E383 /* UIKitFactory.m in Sources */,
				85AB777D1F50281C00DB3E25 /* NSString+CZHash.m in Sources */,
				85AB777A1F50281C00DB3E25 /* NSAttributedString+CZAdditon.m in Sources */,
				85AB777E1F50281C00DB3E25 /* NSString+CZPath.m in Sources */,
				4DB747161F0A210B00F4E383 /* WBMineViewController.swift in Sources */,
				4DB747101F0A20BE00F4E383 /* WBBaseViewController.swift in Sources */,
				4DB746D41F09E92A00F4E383 /* AppDelegate.swift in Sources */,
				A64C3A7E1F10CEB5009B68C3 /* NextViewController.swift in Sources */,
				4DB747121F0A20EB00F4E383 /* WBHomeViewController.swift in Sources */,
				85AB77841F50281C00DB3E25 /* UIViewController+CZAddition.m in Sources */,
				85AB77791F50281C00DB3E25 /* NSArray+Log.m in Sources */,
				4DB7471A1F0A244300F4E383 /* WBMainTabBarController.swift in Sources */,
				85AB77811F50281C00DB3E25 /* UILabel+CZAddition.m in Sources */,
				85AB775E1F501DEA00DB3E25 /* WBVisitorView.swift in Sources */,
				85AB77821F50281C00DB3E25 /* UIScreen+CZAddition.m in Sources */,
				4DB7470E1F0A206300F4E383 /* WBNavigationViewController.swift in Sources */,
				4DB749151F0F335B00F4E383 /* UIView+Additions.m in Sources */,
				4DB7491D1F0F8B8700F4E383 /* TestViewController.swift in Sources */,
				4DB747141F0A210000F4E383 /* WBMessageViewController.swift in Sources */,
				A64C3A801F111D2E009B68C3 /* UIButton+Extension.swift in Sources */,
				85AB777F1F50281C00DB3E25 /* UIButton+CZAddition.m in Sources */,
				A64C3A831F11CE1F009B68C3 /* UIScreen+Addition.m in Sources */,
				85AB77831F50281C00DB3E25 /* UIView+CZAddition.m in Sources */,
			);
			runOnlyForDeploymentPostprocessing = 0;
		};
		4DB746E01F09E92A00F4E383 /* Sources */ = {
			isa = PBXSourcesBuildPhase;
			buildActionMask = 2147483647;
			files = (
				4DB746E91F09E92A00F4E383 /* SinaWeiboSwiftTests.swift in Sources */,
			);
			runOnlyForDeploymentPostprocessing = 0;
		};
		4DB746EB1F09E92A00F4E383 /* Sources */ = {
			isa = PBXSourcesBuildPhase;
			buildActionMask = 2147483647;
			files = (
				4DB746F41F09E92A00F4E383 /* SinaWeiboSwiftUITests.swift in Sources */,
			);
			runOnlyForDeploymentPostprocessing = 0;
		};
/* End PBXSourcesBuildPhase section */

/* Begin PBXTargetDependency section */
		4DB746E61F09E92A00F4E383 /* PBXTargetDependency */ = {
			isa = PBXTargetDependency;
			target = 4DB746CF1F09E92A00F4E383 /* SinaWeiboSwift */;
			targetProxy = 4DB746E51F09E92A00F4E383 /* PBXContainerItemProxy */;
		};
		4DB746F11F09E92A00F4E383 /* PBXTargetDependency */ = {
			isa = PBXTargetDependency;
			target = 4DB746CF1F09E92A00F4E383 /* SinaWeiboSwift */;
			targetProxy = 4DB746F01F09E92A00F4E383 /* PBXContainerItemProxy */;
		};
/* End PBXTargetDependency section */

/* Begin PBXVariantGroup section */
		4DB746DC1F09E92A00F4E383 /* LaunchScreen.storyboard */ = {
			isa = PBXVariantGroup;
			children = (
				4DB746DD1F09E92A00F4E383 /* Base */,
			);
			name = LaunchScreen.storyboard;
			sourceTree = "<group>";
		};
/* End PBXVariantGroup section */

/* Begin XCBuildConfiguration section */
		4DB746F61F09E92A00F4E383 /* Debug */ = {
			isa = XCBuildConfiguration;
			buildSettings = {
				ALWAYS_SEARCH_USER_PATHS = NO;
				CLANG_ANALYZER_NONNULL = YES;
				CLANG_ANALYZER_NUMBER_OBJECT_CONVERSION = YES_AGGRESSIVE;
				CLANG_CXX_LANGUAGE_STANDARD = "gnu++0x";
				CLANG_CXX_LIBRARY = "libc++";
				CLANG_ENABLE_MODULES = YES;
				CLANG_ENABLE_OBJC_ARC = YES;
				CLANG_WARN_BOOL_CONVERSION = YES;
				CLANG_WARN_CONSTANT_CONVERSION = YES;
				CLANG_WARN_DIRECT_OBJC_ISA_USAGE = YES_ERROR;
				CLANG_WARN_DOCUMENTATION_COMMENTS = YES;
				CLANG_WARN_EMPTY_BODY = YES;
				CLANG_WARN_ENUM_CONVERSION = YES;
				CLANG_WARN_INFINITE_RECURSION = YES;
				CLANG_WARN_INT_CONVERSION = YES;
				CLANG_WARN_OBJC_ROOT_CLASS = YES_ERROR;
				CLANG_WARN_SUSPICIOUS_MOVE = YES;
				CLANG_WARN_UNREACHABLE_CODE = YES;
				CLANG_WARN__DUPLICATE_METHOD_MATCH = YES;
				"CODE_SIGN_IDENTITY[sdk=iphoneos*]" = "iPhone Developer";
				COPY_PHASE_STRIP = NO;
				DEBUG_INFORMATION_FORMAT = dwarf;
				ENABLE_STRICT_OBJC_MSGSEND = YES;
				ENABLE_TESTABILITY = YES;
				GCC_C_LANGUAGE_STANDARD = gnu99;
				GCC_DYNAMIC_NO_PIC = NO;
				GCC_NO_COMMON_BLOCKS = YES;
				GCC_OPTIMIZATION_LEVEL = 0;
				GCC_PREPROCESSOR_DEFINITIONS = (
					"DEBUG=1",
					"$(inherited)",
				);
				GCC_WARN_64_TO_32_BIT_CONVERSION = YES;
				GCC_WARN_ABOUT_RETURN_TYPE = YES_ERROR;
				GCC_WARN_UNDECLARED_SELECTOR = YES;
				GCC_WARN_UNINITIALIZED_AUTOS = YES_AGGRESSIVE;
				GCC_WARN_UNUSED_FUNCTION = YES;
				GCC_WARN_UNUSED_VARIABLE = YES;
				IPHONEOS_DEPLOYMENT_TARGET = 10.3;
				MTL_ENABLE_DEBUG_INFO = YES;
				ONLY_ACTIVE_ARCH = YES;
				SDKROOT = iphoneos;
				SWIFT_ACTIVE_COMPILATION_CONDITIONS = DEBUG;
				SWIFT_OPTIMIZATION_LEVEL = "-Onone";
			};
			name = Debug;
		};
		4DB746F71F09E92A00F4E383 /* Release */ = {
			isa = XCBuildConfiguration;
			buildSettings = {
				ALWAYS_SEARCH_USER_PATHS = NO;
				CLANG_ANALYZER_NONNULL = YES;
				CLANG_ANALYZER_NUMBER_OBJECT_CONVERSION = YES_AGGRESSIVE;
				CLANG_CXX_LANGUAGE_STANDARD = "gnu++0x";
				CLANG_CXX_LIBRARY = "libc++";
				CLANG_ENABLE_MODULES = YES;
				CLANG_ENABLE_OBJC_ARC = YES;
				CLANG_WARN_BOOL_CONVERSION = YES;
				CLANG_WARN_CONSTANT_CONVERSION = YES;
				CLANG_WARN_DIRECT_OBJC_ISA_USAGE = YES_ERROR;
				CLANG_WARN_DOCUMENTATION_COMMENTS = YES;
				CLANG_WARN_EMPTY_BODY = YES;
				CLANG_WARN_ENUM_CONVERSION = YES;
				CLANG_WARN_INFINITE_RECURSION = YES;
				CLANG_WARN_INT_CONVERSION = YES;
				CLANG_WARN_OBJC_ROOT_CLASS = YES_ERROR;
				CLANG_WARN_SUSPICIOUS_MOVE = YES;
				CLANG_WARN_UNREACHABLE_CODE = YES;
				CLANG_WARN__DUPLICATE_METHOD_MATCH = YES;
				"CODE_SIGN_IDENTITY[sdk=iphoneos*]" = "iPhone Developer";
				COPY_PHASE_STRIP = NO;
				DEBUG_INFORMATION_FORMAT = "dwarf-with-dsym";
				ENABLE_NS_ASSERTIONS = NO;
				ENABLE_STRICT_OBJC_MSGSEND = YES;
				GCC_C_LANGUAGE_STANDARD = gnu99;
				GCC_NO_COMMON_BLOCKS = YES;
				GCC_WARN_64_TO_32_BIT_CONVERSION = YES;
				GCC_WARN_ABOUT_RETURN_TYPE = YES_ERROR;
				GCC_WARN_UNDECLARED_SELECTOR = YES;
				GCC_WARN_UNINITIALIZED_AUTOS = YES_AGGRESSIVE;
				GCC_WARN_UNUSED_FUNCTION = YES;
				GCC_WARN_UNUSED_VARIABLE = YES;
				IPHONEOS_DEPLOYMENT_TARGET = 10.3;
				MTL_ENABLE_DEBUG_INFO = NO;
				SDKROOT = iphoneos;
				SWIFT_OPTIMIZATION_LEVEL = "-Owholemodule";
				VALIDATE_PRODUCT = YES;
			};
			name = Release;
		};
		4DB746F91F09E92A00F4E383 /* Debug */ = {
			isa = XCBuildConfiguration;
			buildSettings = {
				ASSETCATALOG_COMPILER_APPICON_NAME = AppIcon;
				ASSETCATALOG_COMPILER_LAUNCHIMAGE_NAME = LaunchImage;
				DEVELOPMENT_TEAM = GNZBVV9WD3;
				INFOPLIST_FILE = SinaWeiboSwift/Info.plist;
				IPHONEOS_DEPLOYMENT_TARGET = 8.0;
				LD_RUNPATH_SEARCH_PATHS = "$(inherited) @executable_path/Frameworks";
				PRODUCT_BUNDLE_IDENTIFIER = com.HHJ.SinaWeiboSwift;
				PRODUCT_NAME = "$(TARGET_NAME)";
				SWIFT_OBJC_BRIDGING_HEADER = "SinaWeiboSwift/Class/Tools/Weibo-Bridge.h";
				SWIFT_VERSION = 3.0;
			};
			name = Debug;
		};
		4DB746FA1F09E92A00F4E383 /* Release */ = {
			isa = XCBuildConfiguration;
			buildSettings = {
				ASSETCATALOG_COMPILER_APPICON_NAME = AppIcon;
				ASSETCATALOG_COMPILER_LAUNCHIMAGE_NAME = LaunchImage;
				DEVELOPMENT_TEAM = GNZBVV9WD3;
				INFOPLIST_FILE = SinaWeiboSwift/Info.plist;
				IPHONEOS_DEPLOYMENT_TARGET = 8.0;
				LD_RUNPATH_SEARCH_PATHS = "$(inherited) @executable_path/Frameworks";
				PRODUCT_BUNDLE_IDENTIFIER = com.HHJ.SinaWeiboSwift;
				PRODUCT_NAME = "$(TARGET_NAME)";
				SWIFT_OBJC_BRIDGING_HEADER = "SinaWeiboSwift/Class/Tools/Weibo-Bridge.h";
				SWIFT_VERSION = 3.0;
			};
			name = Release;
		};
		4DB746FC1F09E92A00F4E383 /* Debug */ = {
			isa = XCBuildConfiguration;
			buildSettings = {
				ALWAYS_EMBED_SWIFT_STANDARD_LIBRARIES = YES;
				BUNDLE_LOADER = "$(TEST_HOST)";
				DEVELOPMENT_TEAM = GNZBVV9WD3;
				INFOPLIST_FILE = SinaWeiboSwiftTests/Info.plist;
				LD_RUNPATH_SEARCH_PATHS = "$(inherited) @executable_path/Frameworks @loader_path/Frameworks";
				PRODUCT_BUNDLE_IDENTIFIER = com.HHJ.SinaWeiboSwiftTests;
				PRODUCT_NAME = "$(TARGET_NAME)";
				SWIFT_VERSION = 3.0;
				TEST_HOST = "$(BUILT_PRODUCTS_DIR)/SinaWeiboSwift.app/SinaWeiboSwift";
			};
			name = Debug;
		};
		4DB746FD1F09E92A00F4E383 /* Release */ = {
			isa = XCBuildConfiguration;
			buildSettings = {
				ALWAYS_EMBED_SWIFT_STANDARD_LIBRARIES = YES;
				BUNDLE_LOADER = "$(TEST_HOST)";
				DEVELOPMENT_TEAM = GNZBVV9WD3;
				INFOPLIST_FILE = SinaWeiboSwiftTests/Info.plist;
				LD_RUNPATH_SEARCH_PATHS = "$(inherited) @executable_path/Frameworks @loader_path/Frameworks";
				PRODUCT_BUNDLE_IDENTIFIER = com.HHJ.SinaWeiboSwiftTests;
				PRODUCT_NAME = "$(TARGET_NAME)";
				SWIFT_VERSION = 3.0;
				TEST_HOST = "$(BUILT_PRODUCTS_DIR)/SinaWeiboSwift.app/SinaWeiboSwift";
			};
			name = Release;
		};
		4DB746FF1F09E92A00F4E383 /* Debug */ = {
			isa = XCBuildConfiguration;
			buildSettings = {
				ALWAYS_EMBED_SWIFT_STANDARD_LIBRARIES = YES;
				DEVELOPMENT_TEAM = GNZBVV9WD3;
				INFOPLIST_FILE = SinaWeiboSwiftUITests/Info.plist;
				LD_RUNPATH_SEARCH_PATHS = "$(inherited) @executable_path/Frameworks @loader_path/Frameworks";
				PRODUCT_BUNDLE_IDENTIFIER = com.HHJ.SinaWeiboSwiftUITests;
				PRODUCT_NAME = "$(TARGET_NAME)";
				SWIFT_VERSION = 3.0;
				TEST_TARGET_NAME = SinaWeiboSwift;
			};
			name = Debug;
		};
		4DB747001F09E92A00F4E383 /* Release */ = {
			isa = XCBuildConfiguration;
			buildSettings = {
				ALWAYS_EMBED_SWIFT_STANDARD_LIBRARIES = YES;
				DEVELOPMENT_TEAM = GNZBVV9WD3;
				INFOPLIST_FILE = SinaWeiboSwiftUITests/Info.plist;
				LD_RUNPATH_SEARCH_PATHS = "$(inherited) @executable_path/Frameworks @loader_path/Frameworks";
				PRODUCT_BUNDLE_IDENTIFIER = com.HHJ.SinaWeiboSwiftUITests;
				PRODUCT_NAME = "$(TARGET_NAME)";
				SWIFT_VERSION = 3.0;
				TEST_TARGET_NAME = SinaWeiboSwift;
			};
			name = Release;
		};
/* End XCBuildConfiguration section */

/* Begin XCConfigurationList section */
		4DB746CB1F09E92A00F4E383 /* Build configuration list for PBXProject "SinaWeiboSwift" */ = {
			isa = XCConfigurationList;
			buildConfigurations = (
				4DB746F61F09E92A00F4E383 /* Debug */,
				4DB746F71F09E92A00F4E383 /* Release */,
			);
			defaultConfigurationIsVisible = 0;
			defaultConfigurationName = Release;
		};
		4DB746F81F09E92A00F4E383 /* Build configuration list for PBXNativeTarget "SinaWeiboSwift" */ = {
			isa = XCConfigurationList;
			buildConfigurations = (
				4DB746F91F09E92A00F4E383 /* Debug */,
				4DB746FA1F09E92A00F4E383 /* Release */,
			);
			defaultConfigurationIsVisible = 0;
			defaultConfigurationName = Release;
		};
		4DB746FB1F09E92A00F4E383 /* Build configuration list for PBXNativeTarget "SinaWeiboSwiftTests" */ = {
			isa = XCConfigurationList;
			buildConfigurations = (
				4DB746FC1F09E92A00F4E383 /* Debug */,
				4DB746FD1F09E92A00F4E383 /* Release */,
			);
			defaultConfigurationIsVisible = 0;
			defaultConfigurationName = Release;
		};
		4DB746FE1F09E92A00F4E383 /* Build configuration list for PBXNativeTarget "SinaWeiboSwiftUITests" */ = {
			isa = XCConfigurationList;
			buildConfigurations = (
				4DB746FF1F09E92A00F4E383 /* Debug */,
				4DB747001F09E92A00F4E383 /* Release */,
			);
			defaultConfigurationIsVisible = 0;
			defaultConfigurationName = Release;
		};
/* End XCConfigurationList section */
	};
	rootObject = 4DB746C81F09E92A00F4E383 /* Project object */;
}
