// !$*UTF8*$!
{
	archiveVersion = 1;
	classes = {
	};
	objectVersion = 46;
	objects = {

/* Begin PBXBuildFile section */
		A6536A1B1F092ED0009A8F39 /* AppDelegate.swift in Sources */ = {isa = PBXBuildFile; fileRef = A6536A1A1F092ED0009A8F39 /* AppDelegate.swift */; };
		A6536A1D1F092ED0009A8F39 /* ViewController.swift in Sources */ = {isa = PBXBuildFile; fileRef = A6536A1C1F092ED0009A8F39 /* ViewController.swift */; };
		A6536A201F092ED0009A8F39 /* Main.storyboard in Resources */ = {isa = PBXBuildFile; fileRef = A6536A1E1F092ED0009A8F39 /* Main.storyboard */; };
		A6536A221F092ED0009A8F39 /* Assets.xcassets in Resources */ = {isa = PBXBuildFile; fileRef = A6536A211F092ED0009A8F39 /* Assets.xcassets */; };
		A6536A251F092ED0009A8F39 /* LaunchScreen.storyboard in Resources */ = {isa = PBXBuildFile; fileRef = A6536A231F092ED0009A8F39 /* LaunchScreen.storyboard */; };
		A6536A301F092ED0009A8F39 /* SinaSwiftTests.swift in Sources */ = {isa = PBXBuildFile; fileRef = A6536A2F1F092ED0009A8F39 /* SinaSwiftTests.swift */; };
		A6536A3B1F092ED0009A8F39 /* SinaSwiftUITests.swift in Sources */ = {isa = PBXBuildFile; fileRef = A6536A3A1F092ED0009A8F39 /* SinaSwiftUITests.swift */; };
/* End PBXBuildFile section */

/* Begin PBXContainerItemProxy section */
		A6536A2C1F092ED0009A8F39 /* PBXContainerItemProxy */ = {
			isa = PBXContainerItemProxy;
			containerPortal = A6536A0F1F092ECF009A8F39 /* Project object */;
			proxyType = 1;
			remoteGlobalIDString = A6536A161F092ED0009A8F39;
			remoteInfo = SinaSwift;
		};
		A6536A371F092ED0009A8F39 /* PBXContainerItemProxy */ = {
			isa = PBXContainerItemProxy;
			containerPortal = A6536A0F1F092ECF009A8F39 /* Project object */;
			proxyType = 1;
			remoteGlobalIDString = A6536A161F092ED0009A8F39;
			remoteInfo = SinaSwift;
		};
/* End PBXContainerItemProxy section */

/* Begin PBXFileReference section */
		A6536A171F092ED0009A8F39 /* SinaSwift.app */ = {isa = PBXFileReference; explicitFileType = wrapper.application; includeInIndex = 0; path = SinaSwift.app; sourceTree = BUILT_PRODUCTS_DIR; };
		A6536A1A1F092ED0009A8F39 /* AppDelegate.swift */ = {isa = PBXFileReference; lastKnownFileType = sourcecode.swift; path = AppDelegate.swift; sourceTree = "<group>"; };
		A6536A1C1F092ED0009A8F39 /* ViewController.swift */ = {isa = PBXFileReference; lastKnownFileType = sourcecode.swift; path = ViewController.swift; sourceTree = "<group>"; };
		A6536A1F1F092ED0009A8F39 /* Base */ = {isa = PBXFileReference; lastKnownFileType = file.storyboard; name = Base; path = Base.lproj/Main.storyboard; sourceTree = "<group>"; };
		A6536A211F092ED0009A8F39 /* Assets.xcassets */ = {isa = PBXFileReference; lastKnownFileType = folder.assetcatalog; path = Assets.xcassets; sourceTree = "<group>"; };
		A6536A241F092ED0009A8F39 /* Base */ = {isa = PBXFileReference; lastKnownFileType = file.storyboard; name = Base; path = Base.lproj/LaunchScreen.storyboard; sourceTree = "<group>"; };
		A6536A261F092ED0009A8F39 /* Info.plist */ = {isa = PBXFileReference; lastKnownFileType = text.plist.xml; path = Info.plist; sourceTree = "<group>"; };
		A6536A2B1F092ED0009A8F39 /* SinaSwiftTests.xctest */ = {isa = PBXFileReference; explicitFileType = wrapper.cfbundle; includeInIndex = 0; path = SinaSwiftTests.xctest; sourceTree = BUILT_PRODUCTS_DIR; };
		A6536A2F1F092ED0009A8F39 /* SinaSwiftTests.swift */ = {isa = PBXFileReference; lastKnownFileType = sourcecode.swift; path = SinaSwiftTests.swift; sourceTree = "<group>"; };
		A6536A311F092ED0009A8F39 /* Info.plist */ = {isa = PBXFileReference; lastKnownFileType = text.plist.xml; path = Info.plist; sourceTree = "<group>"; };
		A6536A361F092ED0009A8F39 /* SinaSwiftUITests.xctest */ = {isa = PBXFileReference; explicitFileType = wrapper.cfbundle; includeInIndex = 0; path = SinaSwiftUITests.xctest; sourceTree = BUILT_PRODUCTS_DIR; };
		A6536A3A1F092ED0009A8F39 /* SinaSwiftUITests.swift */ = {isa = PBXFileReference; lastKnownFileType = sourcecode.swift; path = SinaSwiftUITests.swift; sourceTree = "<group>"; };
		A6536A3C1F092ED0009A8F39 /* Info.plist */ = {isa = PBXFileReference; lastKnownFileType = text.plist.xml; path = Info.plist; sourceTree = "<group>"; };
/* End PBXFileReference section */

/* Begin PBXFrameworksBuildPhase section */
		A6536A141F092ED0009A8F39 /* Frameworks */ = {
			isa = PBXFrameworksBuildPhase;
			buildActionMask = 2147483647;
			files = (
			);
			runOnlyForDeploymentPostprocessing = 0;
		};
		A6536A281F092ED0009A8F39 /* Frameworks */ = {
			isa = PBXFrameworksBuildPhase;
			buildActionMask = 2147483647;
			files = (
			);
			runOnlyForDeploymentPostprocessing = 0;
		};
		A6536A331F092ED0009A8F39 /* Frameworks */ = {
			isa = PBXFrameworksBuildPhase;
			buildActionMask = 2147483647;
			files = (
			);
			runOnlyForDeploymentPostprocessing = 0;
		};
/* End PBXFrameworksBuildPhase section */

/* Begin PBXGroup section */
		A6536A0E1F092ECF009A8F39 = {
			isa = PBXGroup;
			children = (
				A6536A191F092ED0009A8F39 /* SinaSwift */,
				A6536A2E1F092ED0009A8F39 /* SinaSwiftTests */,
				A6536A391F092ED0009A8F39 /* SinaSwiftUITests */,
				A6536A181F092ED0009A8F39 /* Products */,
			);
			sourceTree = "<group>";
		};
		A6536A181F092ED0009A8F39 /* Products */ = {
			isa = PBXGroup;
			children = (
				A6536A171F092ED0009A8F39 /* SinaSwift.app */,
				A6536A2B1F092ED0009A8F39 /* SinaSwiftTests.xctest */,
				A6536A361F092ED0009A8F39 /* SinaSwiftUITests.xctest */,
			);
			name = Products;
			sourceTree = "<group>";
		};
		A6536A191F092ED0009A8F39 /* SinaSwift */ = {
			isa = PBXGroup;
			children = (
				A6536A1A1F092ED0009A8F39 /* AppDelegate.swift */,
				A6536A1C1F092ED0009A8F39 /* ViewController.swift */,
				A6536A1E1F092ED0009A8F39 /* Main.storyboard */,
				A6536A211F092ED0009A8F39 /* Assets.xcassets */,
				A6536A231F092ED0009A8F39 /* LaunchScreen.storyboard */,
				A6536A261F092ED0009A8F39 /* Info.plist */,
			);
			path = SinaSwift;
			sourceTree = "<group>";
		};
		A6536A2E1F092ED0009A8F39 /* SinaSwiftTests */ = {
			isa = PBXGroup;
			children = (
				A6536A2F1F092ED0009A8F39 /* SinaSwiftTests.swift */,
				A6536A311F092ED0009A8F39 /* Info.plist */,
			);
			path = SinaSwiftTests;
			sourceTree = "<group>";
		};
		A6536A391F092ED0009A8F39 /* SinaSwiftUITests */ = {
			isa = PBXGroup;
			children = (
				A6536A3A1F092ED0009A8F39 /* SinaSwiftUITests.swift */,
				A6536A3C1F092ED0009A8F39 /* Info.plist */,
			);
			path = SinaSwiftUITests;
			sourceTree = "<group>";
		};
/* End PBXGroup section */

/* Begin PBXNativeTarget section */
		A6536A161F092ED0009A8F39 /* SinaSwift */ = {
			isa = PBXNativeTarget;
			buildConfigurationList = A6536A3F1F092ED0009A8F39 /* Build configuration list for PBXNativeTarget "SinaSwift" */;
			buildPhases = (
				A6536A131F092ED0009A8F39 /* Sources */,
				A6536A141F092ED0009A8F39 /* Frameworks */,
				A6536A151F092ED0009A8F39 /* Resources */,
			);
			buildRules = (
			);
			dependencies = (
			);
			name = SinaSwift;
			productName = SinaSwift;
			productReference = A6536A171F092ED0009A8F39 /* SinaSwift.app */;
			productType = "com.apple.product-type.application";
		};
		A6536A2A1F092ED0009A8F39 /* SinaSwiftTests */ = {
			isa = PBXNativeTarget;
			buildConfigurationList = A6536A421F092ED0009A8F39 /* Build configuration list for PBXNativeTarget "SinaSwiftTests" */;
			buildPhases = (
				A6536A271F092ED0009A8F39 /* Sources */,
				A6536A281F092ED0009A8F39 /* Frameworks */,
				A6536A291F092ED0009A8F39 /* Resources */,
			);
			buildRules = (
			);
			dependencies = (
				A6536A2D1F092ED0009A8F39 /* PBXTargetDependency */,
			);
			name = SinaSwiftTests;
			productName = SinaSwiftTests;
			productReference = A6536A2B1F092ED0009A8F39 /* SinaSwiftTests.xctest */;
			productType = "com.apple.product-type.bundle.unit-test";
		};
		A6536A351F092ED0009A8F39 /* SinaSwiftUITests */ = {
			isa = PBXNativeTarget;
			buildConfigurationList = A6536A451F092ED0009A8F39 /* Build configuration list for PBXNativeTarget "SinaSwiftUITests" */;
			buildPhases = (
				A6536A321F092ED0009A8F39 /* Sources */,
				A6536A331F092ED0009A8F39 /* Frameworks */,
				A6536A341F092ED0009A8F39 /* Resources */,
			);
			buildRules = (
			);
			dependencies = (
				A6536A381F092ED0009A8F39 /* PBXTargetDependency */,
			);
			name = SinaSwiftUITests;
			productName = SinaSwiftUITests;
			productReference = A6536A361F092ED0009A8F39 /* SinaSwiftUITests.xctest */;
			productType = "com.apple.product-type.bundle.ui-testing";
		};
/* End PBXNativeTarget section */

/* Begin PBXProject section */
		A6536A0F1F092ECF009A8F39 /* Project object */ = {
			isa = PBXProject;
			attributes = {
				LastSwiftUpdateCheck = 0830;
				LastUpgradeCheck = 0830;
				ORGANIZATIONNAME = HHJ;
				TargetAttributes = {
					A6536A161F092ED0009A8F39 = {
						CreatedOnToolsVersion = 8.3.2;
						DevelopmentTeam = GNZBVV9WD3;
						ProvisioningStyle = Automatic;
					};
					A6536A2A1F092ED0009A8F39 = {
						CreatedOnToolsVersion = 8.3.2;
						DevelopmentTeam = GNZBVV9WD3;
						ProvisioningStyle = Automatic;
						TestTargetID = A6536A161F092ED0009A8F39;
					};
					A6536A351F092ED0009A8F39 = {
						CreatedOnToolsVersion = 8.3.2;
						DevelopmentTeam = GNZBVV9WD3;
						ProvisioningStyle = Automatic;
						TestTargetID = A6536A161F092ED0009A8F39;
					};
				};
			};
			buildConfigurationList = A6536A121F092ECF009A8F39 /* Build configuration list for PBXProject "SinaSwift" */;
			compatibilityVersion = "Xcode 3.2";
			developmentRegion = English;
			hasScannedForEncodings = 0;
			knownRegions = (
				en,
				Base,
			);
			mainGroup = A6536A0E1F092ECF009A8F39;
			productRefGroup = A6536A181F092ED0009A8F39 /* Products */;
			projectDirPath = "";
			projectRoot = "";
			targets = (
				A6536A161F092ED0009A8F39 /* SinaSwift */,
				A6536A2A1F092ED0009A8F39 /* SinaSwiftTests */,
				A6536A351F092ED0009A8F39 /* SinaSwiftUITests */,
			);
		};
/* End PBXProject section */

/* Begin PBXResourcesBuildPhase section */
		A6536A151F092ED0009A8F39 /* Resources */ = {
			isa = PBXResourcesBuildPhase;
			buildActionMask = 2147483647;
			files = (
				A6536A251F092ED0009A8F39 /* LaunchScreen.storyboard in Resources */,
				A6536A221F092ED0009A8F39 /* Assets.xcassets in Resources */,
				A6536A201F092ED0009A8F39 /* Main.storyboard in Resources */,
			);
			runOnlyForDeploymentPostprocessing = 0;
		};
		A6536A291F092ED0009A8F39 /* Resources */ = {
			isa = PBXResourcesBuildPhase;
			buildActionMask = 2147483647;
			files = (
			);
			runOnlyForDeploymentPostprocessing = 0;
		};
		A6536A341F092ED0009A8F39 /* Resources */ = {
			isa = PBXResourcesBuildPhase;
			buildActionMask = 2147483647;
			files = (
			);
			runOnlyForDeploymentPostprocessing = 0;
		};
/* End PBXResourcesBuildPhase section */

/* Begin PBXSourcesBuildPhase section */
		A6536A131F092ED0009A8F39 /* Sources */ = {
			isa = PBXSourcesBuildPhase;
			buildActionMask = 2147483647;
			files = (
				A6536A1D1F092ED0009A8F39 /* ViewController.swift in Sources */,
				A6536A1B1F092ED0009A8F39 /* AppDelegate.swift in Sources */,
			);
			runOnlyForDeploymentPostprocessing = 0;
		};
		A6536A271F092ED0009A8F39 /* Sources */ = {
			isa = PBXSourcesBuildPhase;
			buildActionMask = 2147483647;
			files = (
				A6536A301F092ED0009A8F39 /* SinaSwiftTests.swift in Sources */,
			);
			runOnlyForDeploymentPostprocessing = 0;
		};
		A6536A321F092ED0009A8F39 /* Sources */ = {
			isa = PBXSourcesBuildPhase;
			buildActionMask = 2147483647;
			files = (
				A6536A3B1F092ED0009A8F39 /* SinaSwiftUITests.swift in Sources */,
			);
			runOnlyForDeploymentPostprocessing = 0;
		};
/* End PBXSourcesBuildPhase section */

/* Begin PBXTargetDependency section */
		A6536A2D1F092ED0009A8F39 /* PBXTargetDependency */ = {
			isa = PBXTargetDependency;
			target = A6536A161F092ED0009A8F39 /* SinaSwift */;
			targetProxy = A6536A2C1F092ED0009A8F39 /* PBXContainerItemProxy */;
		};
		A6536A381F092ED0009A8F39 /* PBXTargetDependency */ = {
			isa = PBXTargetDependency;
			target = A6536A161F092ED0009A8F39 /* SinaSwift */;
			targetProxy = A6536A371F092ED0009A8F39 /* PBXContainerItemProxy */;
		};
/* End PBXTargetDependency section */

/* Begin PBXVariantGroup section */
		A6536A1E1F092ED0009A8F39 /* Main.storyboard */ = {
			isa = PBXVariantGroup;
			children = (
				A6536A1F1F092ED0009A8F39 /* Base */,
			);
			name = Main.storyboard;
			sourceTree = "<group>";
		};
		A6536A231F092ED0009A8F39 /* LaunchScreen.storyboard */ = {
			isa = PBXVariantGroup;
			children = (
				A6536A241F092ED0009A8F39 /* Base */,
			);
			name = LaunchScreen.storyboard;
			sourceTree = "<group>";
		};
/* End PBXVariantGroup section */

/* Begin XCBuildConfiguration section */
		A6536A3D1F092ED0009A8F39 /* Debug */ = {
			isa = XCBuildConfiguration;
			buildSettings = {
				ALWAYS_SEARCH_USER_PATHS = NO;
				CLANG_ANALYZER_NONNULL = YES;
				CLANG_ANALYZER_NUMBER_OBJECT_CONVERSION = YES_AGGRESSIVE;
				CLANG_CXX_LANGUAGE_STANDARD = "gnu++0x";
				CLANG_CXX_LIBRARY = "libc++";
				CLANG_ENABLE_MODULES = YES;
				CLANG_ENABLE_OBJC_ARC = YES;
				CLANG_WARN_BOOL_CONVERSION = YES;
				CLANG_WARN_CONSTANT_CONVERSION = YES;
				CLANG_WARN_DIRECT_OBJC_ISA_USAGE = YES_ERROR;
				CLANG_WARN_DOCUMENTATION_COMMENTS = YES;
				CLANG_WARN_EMPTY_BODY = YES;
				CLANG_WARN_ENUM_CONVERSION = YES;
				CLANG_WARN_INFINITE_RECURSION = YES;
				CLANG_WARN_INT_CONVERSION = YES;
				CLANG_WARN_OBJC_ROOT_CLASS = YES_ERROR;
				CLANG_WARN_SUSPICIOUS_MOVE = YES;
				CLANG_WARN_UNREACHABLE_CODE = YES;
				CLANG_WARN__DUPLICATE_METHOD_MATCH = YES;
				"CODE_SIGN_IDENTITY[sdk=iphoneos*]" = "iPhone Developer";
				COPY_PHASE_STRIP = NO;
				DEBUG_INFORMATION_FORMAT = dwarf;
				ENABLE_STRICT_OBJC_MSGSEND = YES;
				ENABLE_TESTABILITY = YES;
				GCC_C_LANGUAGE_STANDARD = gnu99;
				GCC_DYNAMIC_NO_PIC = NO;
				GCC_NO_COMMON_BLOCKS = YES;
				GCC_OPTIMIZATION_LEVEL = 0;
				GCC_PREPROCESSOR_DEFINITIONS = (
					"DEBUG=1",
					"$(inherited)",
				);
				GCC_WARN_64_TO_32_BIT_CONVERSION = YES;
				GCC_WARN_ABOUT_RETURN_TYPE = YES_ERROR;
				GCC_WARN_UNDECLARED_SELECTOR = YES;
				GCC_WARN_UNINITIALIZED_AUTOS = YES_AGGRESSIVE;
				GCC_WARN_UNUSED_FUNCTION = YES;
				GCC_WARN_UNUSED_VARIABLE = YES;
				IPHONEOS_DEPLOYMENT_TARGET = 10.3;
				MTL_ENABLE_DEBUG_INFO = YES;
				ONLY_ACTIVE_ARCH = YES;
				SDKROOT = iphoneos;
				SWIFT_ACTIVE_COMPILATION_CONDITIONS = DEBUG;
				SWIFT_OPTIMIZATION_LEVEL = "-Onone";
			};
			name = Debug;
		};
		A6536A3E1F092ED0009A8F39 /* Release */ = {
			isa = XCBuildConfiguration;
			buildSettings = {
				ALWAYS_SEARCH_USER_PATHS = NO;
				CLANG_ANALYZER_NONNULL = YES;
				CLANG_ANALYZER_NUMBER_OBJECT_CONVERSION = YES_AGGRESSIVE;
				CLANG_CXX_LANGUAGE_STANDARD = "gnu++0x";
				CLANG_CXX_LIBRARY = "libc++";
				CLANG_ENABLE_MODULES = YES;
				CLANG_ENABLE_OBJC_ARC = YES;
				CLANG_WARN_BOOL_CONVERSION = YES;
				CLANG_WARN_CONSTANT_CONVERSION = YES;
				CLANG_WARN_DIRECT_OBJC_ISA_USAGE = YES_ERROR;
				CLANG_WARN_DOCUMENTATION_COMMENTS = YES;
				CLANG_WARN_EMPTY_BODY = YES;
				CLANG_WARN_ENUM_CONVERSION = YES;
				CLANG_WARN_INFINITE_RECURSION = YES;
				CLANG_WARN_INT_CONVERSION = YES;
				CLANG_WARN_OBJC_ROOT_CLASS = YES_ERROR;
				CLANG_WARN_SUSPICIOUS_MOVE = YES;
				CLANG_WARN_UNREACHABLE_CODE = YES;
				CLANG_WARN__DUPLICATE_METHOD_MATCH = YES;
				"CODE_SIGN_IDENTITY[sdk=iphoneos*]" = "iPhone Developer";
				COPY_PHASE_STRIP = NO;
				DEBUG_INFORMATION_FORMAT = "dwarf-with-dsym";
				ENABLE_NS_ASSERTIONS = NO;
				ENABLE_STRICT_OBJC_MSGSEND = YES;
				GCC_C_LANGUAGE_STANDARD = gnu99;
				GCC_NO_COMMON_BLOCKS = YES;
				GCC_WARN_64_TO_32_BIT_CONVERSION = YES;
				GCC_WARN_ABOUT_RETURN_TYPE = YES_ERROR;
				GCC_WARN_UNDECLARED_SELECTOR = YES;
				GCC_WARN_UNINITIALIZED_AUTOS = YES_AGGRESSIVE;
				GCC_WARN_UNUSED_FUNCTION = YES;
				GCC_WARN_UNUSED_VARIABLE = YES;
				IPHONEOS_DEPLOYMENT_TARGET = 10.3;
				MTL_ENABLE_DEBUG_INFO = NO;
				SDKROOT = iphoneos;
				SWIFT_OPTIMIZATION_LEVEL = "-Owholemodule";
				VALIDATE_PRODUCT = YES;
			};
			name = Release;
		};
		A6536A401F092ED0009A8F39 /* Debug */ = {
			isa = XCBuildConfiguration;
			buildSettings = {
				ASSETCATALOG_COMPILER_APPICON_NAME = AppIcon;
				DEVELOPMENT_TEAM = GNZBVV9WD3;
				INFOPLIST_FILE = SinaSwift/Info.plist;
				LD_RUNPATH_SEARCH_PATHS = "$(inherited) @executable_path/Frameworks";
				PRODUCT_BUNDLE_IDENTIFIER = com.HHJ.SinaSwift;
				PRODUCT_NAME = "$(TARGET_NAME)";
				SWIFT_VERSION = 3.0;
			};
			name = Debug;
		};
		A6536A411F092ED0009A8F39 /* Release */ = {
			isa = XCBuildConfiguration;
			buildSettings = {
				ASSETCATALOG_COMPILER_APPICON_NAME = AppIcon;
				DEVELOPMENT_TEAM = GNZBVV9WD3;
				INFOPLIST_FILE = SinaSwift/Info.plist;
				LD_RUNPATH_SEARCH_PATHS = "$(inherited) @executable_path/Frameworks";
				PRODUCT_BUNDLE_IDENTIFIER = com.HHJ.SinaSwift;
				PRODUCT_NAME = "$(TARGET_NAME)";
				SWIFT_VERSION = 3.0;
			};
			name = Release;
		};
		A6536A431F092ED0009A8F39 /* Debug */ = {
			isa = XCBuildConfiguration;
			buildSettings = {
				ALWAYS_EMBED_SWIFT_STANDARD_LIBRARIES = YES;
				BUNDLE_LOADER = "$(TEST_HOST)";
				DEVELOPMENT_TEAM = GNZBVV9WD3;
				INFOPLIST_FILE = SinaSwiftTests/Info.plist;
				LD_RUNPATH_SEARCH_PATHS = "$(inherited) @executable_path/Frameworks @loader_path/Frameworks";
				PRODUCT_BUNDLE_IDENTIFIER = com.HHJ.SinaSwiftTests;
				PRODUCT_NAME = "$(TARGET_NAME)";
				SWIFT_VERSION = 3.0;
				TEST_HOST = "$(BUILT_PRODUCTS_DIR)/SinaSwift.app/SinaSwift";
			};
			name = Debug;
		};
		A6536A441F092ED0009A8F39 /* Release */ = {
			isa = XCBuildConfiguration;
			buildSettings = {
				ALWAYS_EMBED_SWIFT_STANDARD_LIBRARIES = YES;
				BUNDLE_LOADER = "$(TEST_HOST)";
				DEVELOPMENT_TEAM = GNZBVV9WD3;
				INFOPLIST_FILE = SinaSwiftTests/Info.plist;
				LD_RUNPATH_SEARCH_PATHS = "$(inherited) @executable_path/Frameworks @loader_path/Frameworks";
				PRODUCT_BUNDLE_IDENTIFIER = com.HHJ.SinaSwiftTests;
				PRODUCT_NAME = "$(TARGET_NAME)";
				SWIFT_VERSION = 3.0;
				TEST_HOST = "$(BUILT_PRODUCTS_DIR)/SinaSwift.app/SinaSwift";
			};
			name = Release;
		};
		A6536A461F092ED0009A8F39 /* Debug */ = {
			isa = XCBuildConfiguration;
			buildSettings = {
				ALWAYS_EMBED_SWIFT_STANDARD_LIBRARIES = YES;
				DEVELOPMENT_TEAM = GNZBVV9WD3;
				INFOPLIST_FILE = SinaSwiftUITests/Info.plist;
				LD_RUNPATH_SEARCH_PATHS = "$(inherited) @executable_path/Frameworks @loader_path/Frameworks";
				PRODUCT_BUNDLE_IDENTIFIER = com.HHJ.SinaSwiftUITests;
				PRODUCT_NAME = "$(TARGET_NAME)";
				SWIFT_VERSION = 3.0;
				TEST_TARGET_NAME = SinaSwift;
			};
			name = Debug;
		};
		A6536A471F092ED0009A8F39 /* Release */ = {
			isa = XCBuildConfiguration;
			buildSettings = {
				ALWAYS_EMBED_SWIFT_STANDARD_LIBRARIES = YES;
				DEVELOPMENT_TEAM = GNZBVV9WD3;
				INFOPLIST_FILE = SinaSwiftUITests/Info.plist;
				LD_RUNPATH_SEARCH_PATHS = "$(inherited) @executable_path/Frameworks @loader_path/Frameworks";
				PRODUCT_BUNDLE_IDENTIFIER = com.HHJ.SinaSwiftUITests;
				PRODUCT_NAME = "$(TARGET_NAME)";
				SWIFT_VERSION = 3.0;
				TEST_TARGET_NAME = SinaSwift;
			};
			name = Release;
		};
/* End XCBuildConfiguration section */

/* Begin XCConfigurationList section */
		A6536A121F092ECF009A8F39 /* Build configuration list for PBXProject "SinaSwift" */ = {
			isa = XCConfigurationList;
			buildConfigurations = (
				A6536A3D1F092ED0009A8F39 /* Debug */,
				A6536A3E1F092ED0009A8F39 /* Release */,
			);
			defaultConfigurationIsVisible = 0;
			defaultConfigurationName = Release;
		};
		A6536A3F1F092ED0009A8F39 /* Build configuration list for PBXNativeTarget "SinaSwift" */ = {
			isa = XCConfigurationList;
			buildConfigurations = (
				A6536A401F092ED0009A8F39 /* Debug */,
				A6536A411F092ED0009A8F39 /* Release */,
			);
			defaultConfigurationIsVisible = 0;
		};
		A6536A421F092ED0009A8F39 /* Build configuration list for PBXNativeTarget "SinaSwiftTests" */ = {
			isa = XCConfigurationList;
			buildConfigurations = (
				A6536A431F092ED0009A8F39 /* Debug */,
				A6536A441F092ED0009A8F39 /* Release */,
			);
			defaultConfigurationIsVisible = 0;
		};
		A6536A451F092ED0009A8F39 /* Build configuration list for PBXNativeTarget "SinaSwiftUITests" */ = {
			isa = XCConfigurationList;
			buildConfigurations = (
				A6536A461F092ED0009A8F39 /* Debug */,
				A6536A471F092ED0009A8F39 /* Release */,
			);
			defaultConfigurationIsVisible = 0;
		};
/* End XCConfigurationList section */
	};
	rootObject = A6536A0F1F092ECF009A8F39 /* Project object */;
}
